// !$*UTF8*$!
{
	archiveVersion = 1;
	classes = {
	};
	objectVersion = 51;
	objects = {

/* Begin PBXBuildFile section */
		0549C64D260E30C3002C1E66 /* AppDelegate.swift in Sources */ = {isa = PBXBuildFile; fileRef = 0549C64C260E30C3002C1E66 /* AppDelegate.swift */; };
		0549C64F260E30C4002C1E66 /* SceneDelegate.swift in Sources */ = {isa = PBXBuildFile; fileRef = 0549C64E260E30C4002C1E66 /* SceneDelegate.swift */; };
		0549C654260E30C4002C1E66 /* Main.storyboard in Resources */ = {isa = PBXBuildFile; fileRef = 0549C652260E30C4002C1E66 /* Main.storyboard */; };
		0549C656260E30C6002C1E66 /* Assets.xcassets in Resources */ = {isa = PBXBuildFile; fileRef = 0549C655260E30C6002C1E66 /* Assets.xcassets */; };
		0549C659260E30C6002C1E66 /* LaunchScreen.storyboard in Resources */ = {isa = PBXBuildFile; fileRef = 0549C657260E30C6002C1E66 /* LaunchScreen.storyboard */; };
		0549C664260E30C6002C1E66 /* Simran_Login_ModuleTests.swift in Sources */ = {isa = PBXBuildFile; fileRef = 0549C663260E30C6002C1E66 /* Simran_Login_ModuleTests.swift */; };
		0549C66F260E30C6002C1E66 /* Simran_Login_ModuleUITests.swift in Sources */ = {isa = PBXBuildFile; fileRef = 0549C66E260E30C6002C1E66 /* Simran_Login_ModuleUITests.swift */; };
		0549C688260E387C002C1E66 /* AuthManager.swift in Sources */ = {isa = PBXBuildFile; fileRef = 0549C680260E387C002C1E66 /* AuthManager.swift */; };
		0549C689260E387C002C1E66 /* LoginViewModel.swift in Sources */ = {isa = PBXBuildFile; fileRef = 0549C682260E387C002C1E66 /* LoginViewModel.swift */; };
		0549C68D260E387C002C1E66 /* LoginViewController.swift in Sources */ = {isa = PBXBuildFile; fileRef = 0549C687260E387C002C1E66 /* LoginViewController.swift */; };
		0549C6CA260E5FA5002C1E66 /* User.swift in Sources */ = {isa = PBXBuildFile; fileRef = 0549C6C9260E5FA5002C1E66 /* User.swift */; };
		33091E0121393ABEF94A8303 /* Pods_Simran_Login_Module_Simran_Login_ModuleUITests.framework in Frameworks */ = {isa = PBXBuildFile; fileRef = 70383E3C5158424E88DF435E /* Pods_Simran_Login_Module_Simran_Login_ModuleUITests.framework */; };
		772C2D6BC77F4708AE043EC3 /* Pods_Simran_Login_Module.framework in Frameworks */ = {isa = PBXBuildFile; fileRef = A35D4B067989C5412E76E001 /* Pods_Simran_Login_Module.framework */; };
		F0E15F635A529A7288DFC816 /* Pods_Simran_Login_ModuleTests.framework in Frameworks */ = {isa = PBXBuildFile; fileRef = 9F8EEB562CAEB6760C7E1A4C /* Pods_Simran_Login_ModuleTests.framework */; };
/* End PBXBuildFile section */

/* Begin PBXContainerItemProxy section */
		0549C660260E30C6002C1E66 /* PBXContainerItemProxy */ = {
			isa = PBXContainerItemProxy;
			containerPortal = 0549C641260E30C3002C1E66 /* Project object */;
			proxyType = 1;
			remoteGlobalIDString = 0549C648260E30C3002C1E66;
			remoteInfo = Simran_Login_Module;
		};
		0549C66B260E30C6002C1E66 /* PBXContainerItemProxy */ = {
			isa = PBXContainerItemProxy;
			containerPortal = 0549C641260E30C3002C1E66 /* Project object */;
			proxyType = 1;
			remoteGlobalIDString = 0549C648260E30C3002C1E66;
			remoteInfo = Simran_Login_Module;
		};
/* End PBXContainerItemProxy section */

/* Begin PBXFileReference section */
		03E97BEA3A69BA8136429C97 /* Pods-Simran_Login_Module-Simran_Login_ModuleUITests.release.xcconfig */ = {isa = PBXFileReference; includeInIndex = 1; lastKnownFileType = text.xcconfig; name = "Pods-Simran_Login_Module-Simran_Login_ModuleUITests.release.xcconfig"; path = "Target Support Files/Pods-Simran_Login_Module-Simran_Login_ModuleUITests/Pods-Simran_Login_Module-Simran_Login_ModuleUITests.release.xcconfig"; sourceTree = "<group>"; };
		0549C649260E30C3002C1E66 /* Simran_Login_Module.app */ = {isa = PBXFileReference; explicitFileType = wrapper.application; includeInIndex = 0; path = Simran_Login_Module.app; sourceTree = BUILT_PRODUCTS_DIR; };
		0549C64C260E30C3002C1E66 /* AppDelegate.swift */ = {isa = PBXFileReference; lastKnownFileType = sourcecode.swift; path = AppDelegate.swift; sourceTree = "<group>"; };
		0549C64E260E30C4002C1E66 /* SceneDelegate.swift */ = {isa = PBXFileReference; lastKnownFileType = sourcecode.swift; path = SceneDelegate.swift; sourceTree = "<group>"; };
		0549C653260E30C4002C1E66 /* Base */ = {isa = PBXFileReference; lastKnownFileType = file.storyboard; name = Base; path = Base.lproj/Main.storyboard; sourceTree = "<group>"; };
		0549C655260E30C6002C1E66 /* Assets.xcassets */ = {isa = PBXFileReference; lastKnownFileType = folder.assetcatalog; path = Assets.xcassets; sourceTree = "<group>"; };
		0549C658260E30C6002C1E66 /* Base */ = {isa = PBXFileReference; lastKnownFileType = file.storyboard; name = Base; path = Base.lproj/LaunchScreen.storyboard; sourceTree = "<group>"; };
		0549C65A260E30C6002C1E66 /* Info.plist */ = {isa = PBXFileReference; lastKnownFileType = text.plist.xml; path = Info.plist; sourceTree = "<group>"; };
		0549C65F260E30C6002C1E66 /* Simran_Login_ModuleTests.xctest */ = {isa = PBXFileReference; explicitFileType = wrapper.cfbundle; includeInIndex = 0; path = Simran_Login_ModuleTests.xctest; sourceTree = BUILT_PRODUCTS_DIR; };
		0549C663260E30C6002C1E66 /* Simran_Login_ModuleTests.swift */ = {isa = PBXFileReference; lastKnownFileType = sourcecode.swift; path = Simran_Login_ModuleTests.swift; sourceTree = "<group>"; };
		0549C665260E30C6002C1E66 /* Info.plist */ = {isa = PBXFileReference; lastKnownFileType = text.plist.xml; path = Info.plist; sourceTree = "<group>"; };
		0549C66A260E30C6002C1E66 /* Simran_Login_ModuleUITests.xctest */ = {isa = PBXFileReference; explicitFileType = wrapper.cfbundle; includeInIndex = 0; path = Simran_Login_ModuleUITests.xctest; sourceTree = BUILT_PRODUCTS_DIR; };
		0549C66E260E30C6002C1E66 /* Simran_Login_ModuleUITests.swift */ = {isa = PBXFileReference; lastKnownFileType = sourcecode.swift; path = Simran_Login_ModuleUITests.swift; sourceTree = "<group>"; };
		0549C670260E30C6002C1E66 /* Info.plist */ = {isa = PBXFileReference; lastKnownFileType = text.plist.xml; path = Info.plist; sourceTree = "<group>"; };
		0549C680260E387C002C1E66 /* AuthManager.swift */ = {isa = PBXFileReference; fileEncoding = 4; lastKnownFileType = sourcecode.swift; path = AuthManager.swift; sourceTree = "<group>"; };
		0549C682260E387C002C1E66 /* LoginViewModel.swift */ = {isa = PBXFileReference; fileEncoding = 4; lastKnownFileType = sourcecode.swift; path = LoginViewModel.swift; sourceTree = "<group>"; };
		0549C687260E387C002C1E66 /* LoginViewController.swift */ = {isa = PBXFileReference; fileEncoding = 4; lastKnownFileType = sourcecode.swift; path = LoginViewController.swift; sourceTree = "<group>"; };
		0549C6C9260E5FA5002C1E66 /* User.swift */ = {isa = PBXFileReference; fileEncoding = 4; lastKnownFileType = sourcecode.swift; path = User.swift; sourceTree = "<group>"; };
		5AD2A2FB60224CBF302E89E6 /* Pods-Simran_Login_Module.release.xcconfig */ = {isa = PBXFileReference; includeInIndex = 1; lastKnownFileType = text.xcconfig; name = "Pods-Simran_Login_Module.release.xcconfig"; path = "Target Support Files/Pods-Simran_Login_Module/Pods-Simran_Login_Module.release.xcconfig"; sourceTree = "<group>"; };
		70383E3C5158424E88DF435E /* Pods_Simran_Login_Module_Simran_Login_ModuleUITests.framework */ = {isa = PBXFileReference; explicitFileType = wrapper.framework; includeInIndex = 0; path = Pods_Simran_Login_Module_Simran_Login_ModuleUITests.framework; sourceTree = BUILT_PRODUCTS_DIR; };
		7D9FE70E9679ACF4F3BDFAEB /* Pods-Simran_Login_Module-Simran_Login_ModuleUITests.debug.xcconfig */ = {isa = PBXFileReference; includeInIndex = 1; lastKnownFileType = text.xcconfig; name = "Pods-Simran_Login_Module-Simran_Login_ModuleUITests.debug.xcconfig"; path = "Target Support Files/Pods-Simran_Login_Module-Simran_Login_ModuleUITests/Pods-Simran_Login_Module-Simran_Login_ModuleUITests.debug.xcconfig"; sourceTree = "<group>"; };
		8EC497BB398B708FF7AFAC02 /* Pods-Simran_Login_ModuleTests.release.xcconfig */ = {isa = PBXFileReference; includeInIndex = 1; lastKnownFileType = text.xcconfig; name = "Pods-Simran_Login_ModuleTests.release.xcconfig"; path = "Target Support Files/Pods-Simran_Login_ModuleTests/Pods-Simran_Login_ModuleTests.release.xcconfig"; sourceTree = "<group>"; };
		916B1A70189D9ADE6307AB2D /* Pods-Simran_Login_ModuleTests.debug.xcconfig */ = {isa = PBXFileReference; includeInIndex = 1; lastKnownFileType = text.xcconfig; name = "Pods-Simran_Login_ModuleTests.debug.xcconfig"; path = "Target Support Files/Pods-Simran_Login_ModuleTests/Pods-Simran_Login_ModuleTests.debug.xcconfig"; sourceTree = "<group>"; };
		9DB6958DDC84544E76CFF844 /* Pods-Simran_Login_Module.debug.xcconfig */ = {isa = PBXFileReference; includeInIndex = 1; lastKnownFileType = text.xcconfig; name = "Pods-Simran_Login_Module.debug.xcconfig"; path = "Target Support Files/Pods-Simran_Login_Module/Pods-Simran_Login_Module.debug.xcconfig"; sourceTree = "<group>"; };
		9F8EEB562CAEB6760C7E1A4C /* Pods_Simran_Login_ModuleTests.framework */ = {isa = PBXFileReference; explicitFileType = wrapper.framework; includeInIndex = 0; path = Pods_Simran_Login_ModuleTests.framework; sourceTree = BUILT_PRODUCTS_DIR; };
		A35D4B067989C5412E76E001 /* Pods_Simran_Login_Module.framework */ = {isa = PBXFileReference; explicitFileType = wrapper.framework; includeInIndex = 0; path = Pods_Simran_Login_Module.framework; sourceTree = BUILT_PRODUCTS_DIR; };
/* End PBXFileReference section */

/* Begin PBXFrameworksBuildPhase section */
		0549C646260E30C3002C1E66 /* Frameworks */ = {
			isa = PBXFrameworksBuildPhase;
			buildActionMask = 2147483647;
			files = (
				772C2D6BC77F4708AE043EC3 /* Pods_Simran_Login_Module.framework in Frameworks */,
			);
			runOnlyForDeploymentPostprocessing = 0;
		};
		0549C65C260E30C6002C1E66 /* Frameworks */ = {
			isa = PBXFrameworksBuildPhase;
			buildActionMask = 2147483647;
			files = (
				F0E15F635A529A7288DFC816 /* Pods_Simran_Login_ModuleTests.framework in Frameworks */,
			);
			runOnlyForDeploymentPostprocessing = 0;
		};
		0549C667260E30C6002C1E66 /* Frameworks */ = {
			isa = PBXFrameworksBuildPhase;
			buildActionMask = 2147483647;
			files = (
				33091E0121393ABEF94A8303 /* Pods_Simran_Login_Module_Simran_Login_ModuleUITests.framework in Frameworks */,
			);
			runOnlyForDeploymentPostprocessing = 0;
		};
/* End PBXFrameworksBuildPhase section */

/* Begin PBXGroup section */
		0549C640260E30C3002C1E66 = {
			isa = PBXGroup;
			children = (
				0549C64B260E30C3002C1E66 /* Simran_Login_Module */,
				0549C662260E30C6002C1E66 /* Simran_Login_ModuleTests */,
				0549C66D260E30C6002C1E66 /* Simran_Login_ModuleUITests */,
				0549C64A260E30C3002C1E66 /* Products */,
				A8763D5F30B5B4BA31B456DD /* Pods */,
				AEEC29DE74105A7F9F085EED /* Frameworks */,
			);
			sourceTree = "<group>";
		};
		0549C64A260E30C3002C1E66 /* Products */ = {
			isa = PBXGroup;
			children = (
				0549C649260E30C3002C1E66 /* Simran_Login_Module.app */,
				0549C65F260E30C6002C1E66 /* Simran_Login_ModuleTests.xctest */,
				0549C66A260E30C6002C1E66 /* Simran_Login_ModuleUITests.xctest */,
			);
			name = Products;
			sourceTree = "<group>";
		};
		0549C64B260E30C3002C1E66 /* Simran_Login_Module */ = {
			isa = PBXGroup;
			children = (
				0549C64C260E30C3002C1E66 /* AppDelegate.swift */,
				0549C64E260E30C4002C1E66 /* SceneDelegate.swift */,
				0549C6B6260E596A002C1E66 /* Model */,
				0549C67F260E387C002C1E66 /* Managers */,
				0549C684260E387C002C1E66 /* ViewControllers */,
				0549C681260E387C002C1E66 /* ViewModels */,
				0549C652260E30C4002C1E66 /* Main.storyboard */,
				0549C655260E30C6002C1E66 /* Assets.xcassets */,
				0549C657260E30C6002C1E66 /* LaunchScreen.storyboard */,
				0549C65A260E30C6002C1E66 /* Info.plist */,
			);
			path = Simran_Login_Module;
			sourceTree = "<group>";
		};
		0549C662260E30C6002C1E66 /* Simran_Login_ModuleTests */ = {
			isa = PBXGroup;
			children = (
				0549C663260E30C6002C1E66 /* Simran_Login_ModuleTests.swift */,
				0549C665260E30C6002C1E66 /* Info.plist */,
			);
			path = Simran_Login_ModuleTests;
			sourceTree = "<group>";
		};
		0549C66D260E30C6002C1E66 /* Simran_Login_ModuleUITests */ = {
			isa = PBXGroup;
			children = (
				0549C66E260E30C6002C1E66 /* Simran_Login_ModuleUITests.swift */,
				0549C670260E30C6002C1E66 /* Info.plist */,
			);
			path = Simran_Login_ModuleUITests;
			sourceTree = "<group>";
		};
		0549C67F260E387C002C1E66 /* Managers */ = {
			isa = PBXGroup;
			children = (
				0549C680260E387C002C1E66 /* AuthManager.swift */,
			);
			path = Managers;
			sourceTree = "<group>";
		};
		0549C681260E387C002C1E66 /* ViewModels */ = {
			isa = PBXGroup;
			children = (
				0549C682260E387C002C1E66 /* LoginViewModel.swift */,
			);
			path = ViewModels;
			sourceTree = "<group>";
		};
		0549C684260E387C002C1E66 /* ViewControllers */ = {
			isa = PBXGroup;
			children = (
				0549C687260E387C002C1E66 /* LoginViewController.swift */,
			);
			path = ViewControllers;
			sourceTree = "<group>";
		};
		0549C6B6260E596A002C1E66 /* Model */ = {
			isa = PBXGroup;
			children = (
				0549C6C9260E5FA5002C1E66 /* User.swift */,
			);
			path = Model;
			sourceTree = "<group>";
		};
		A8763D5F30B5B4BA31B456DD /* Pods */ = {
			isa = PBXGroup;
			children = (
				9DB6958DDC84544E76CFF844 /* Pods-Simran_Login_Module.debug.xcconfig */,
				5AD2A2FB60224CBF302E89E6 /* Pods-Simran_Login_Module.release.xcconfig */,
				7D9FE70E9679ACF4F3BDFAEB /* Pods-Simran_Login_Module-Simran_Login_ModuleUITests.debug.xcconfig */,
				03E97BEA3A69BA8136429C97 /* Pods-Simran_Login_Module-Simran_Login_ModuleUITests.release.xcconfig */,
				916B1A70189D9ADE6307AB2D /* Pods-Simran_Login_ModuleTests.debug.xcconfig */,
				8EC497BB398B708FF7AFAC02 /* Pods-Simran_Login_ModuleTests.release.xcconfig */,
			);
			path = Pods;
			sourceTree = "<group>";
		};
		AEEC29DE74105A7F9F085EED /* Frameworks */ = {
			isa = PBXGroup;
			children = (
				A35D4B067989C5412E76E001 /* Pods_Simran_Login_Module.framework */,
				70383E3C5158424E88DF435E /* Pods_Simran_Login_Module_Simran_Login_ModuleUITests.framework */,
				9F8EEB562CAEB6760C7E1A4C /* Pods_Simran_Login_ModuleTests.framework */,
			);
			name = Frameworks;
			sourceTree = "<group>";
		};
/* End PBXGroup section */

/* Begin PBXNativeTarget section */
		0549C648260E30C3002C1E66 /* Simran_Login_Module */ = {
			isa = PBXNativeTarget;
			buildConfigurationList = 0549C673260E30C6002C1E66 /* Build configuration list for PBXNativeTarget "Simran_Login_Module" */;
			buildPhases = (
				82591CF5007D8F4C2E1FC821 /* [CP] Check Pods Manifest.lock */,
				0549C645260E30C3002C1E66 /* Sources */,
				0549C646260E30C3002C1E66 /* Frameworks */,
				0549C647260E30C3002C1E66 /* Resources */,
				94E2D009B9FDBC0EE28FEE82 /* [CP] Embed Pods Frameworks */,
			);
			buildRules = (
			);
			dependencies = (
			);
			name = Simran_Login_Module;
			productName = Simran_Login_Module;
			productReference = 0549C649260E30C3002C1E66 /* Simran_Login_Module.app */;
			productType = "com.apple.product-type.application";
		};
		0549C65E260E30C6002C1E66 /* Simran_Login_ModuleTests */ = {
			isa = PBXNativeTarget;
			buildConfigurationList = 0549C676260E30C6002C1E66 /* Build configuration list for PBXNativeTarget "Simran_Login_ModuleTests" */;
			buildPhases = (
				9F1D41A4BA3488DE34DA0D89 /* [CP] Check Pods Manifest.lock */,
				0549C65B260E30C6002C1E66 /* Sources */,
				0549C65C260E30C6002C1E66 /* Frameworks */,
				0549C65D260E30C6002C1E66 /* Resources */,
			);
			buildRules = (
			);
			dependencies = (
				0549C661260E30C6002C1E66 /* PBXTargetDependency */,
			);
			name = Simran_Login_ModuleTests;
			productName = Simran_Login_ModuleTests;
			productReference = 0549C65F260E30C6002C1E66 /* Simran_Login_ModuleTests.xctest */;
			productType = "com.apple.product-type.bundle.unit-test";
		};
		0549C669260E30C6002C1E66 /* Simran_Login_ModuleUITests */ = {
			isa = PBXNativeTarget;
			buildConfigurationList = 0549C679260E30C6002C1E66 /* Build configuration list for PBXNativeTarget "Simran_Login_ModuleUITests" */;
			buildPhases = (
				141FF203100A06C50D6ECB95 /* [CP] Check Pods Manifest.lock */,
				0549C666260E30C6002C1E66 /* Sources */,
				0549C667260E30C6002C1E66 /* Frameworks */,
				0549C668260E30C6002C1E66 /* Resources */,
				0EE803CDBA9DB62044936A67 /* [CP] Embed Pods Frameworks */,
			);
			buildRules = (
			);
			dependencies = (
				0549C66C260E30C6002C1E66 /* PBXTargetDependency */,
			);
			name = Simran_Login_ModuleUITests;
			productName = Simran_Login_ModuleUITests;
			productReference = 0549C66A260E30C6002C1E66 /* Simran_Login_ModuleUITests.xctest */;
			productType = "com.apple.product-type.bundle.ui-testing";
		};
/* End PBXNativeTarget section */

/* Begin PBXProject section */
		0549C641260E30C3002C1E66 /* Project object */ = {
			isa = PBXProject;
			attributes = {
				LastSwiftUpdateCheck = 1220;
				LastUpgradeCheck = 1220;
				TargetAttributes = {
					0549C648260E30C3002C1E66 = {
						CreatedOnToolsVersion = 12.2;
					};
					0549C65E260E30C6002C1E66 = {
						CreatedOnToolsVersion = 12.2;
						TestTargetID = 0549C648260E30C3002C1E66;
					};
					0549C669260E30C6002C1E66 = {
						CreatedOnToolsVersion = 12.2;
						TestTargetID = 0549C648260E30C3002C1E66;
					};
				};
			};
			buildConfigurationList = 0549C644260E30C3002C1E66 /* Build configuration list for PBXProject "Simran_Login_Module" */;
			compatibilityVersion = "Xcode 9.3";
			developmentRegion = en;
			hasScannedForEncodings = 0;
			knownRegions = (
				en,
				Base,
			);
			mainGroup = 0549C640260E30C3002C1E66;
			productRefGroup = 0549C64A260E30C3002C1E66 /* Products */;
			projectDirPath = "";
			projectRoot = "";
			targets = (
				0549C648260E30C3002C1E66 /* Simran_Login_Module */,
				0549C65E260E30C6002C1E66 /* Simran_Login_ModuleTests */,
				0549C669260E30C6002C1E66 /* Simran_Login_ModuleUITests */,
			);
		};
/* End PBXProject section */

/* Begin PBXResourcesBuildPhase section */
		0549C647260E30C3002C1E66 /* Resources */ = {
			isa = PBXResourcesBuildPhase;
			buildActionMask = 2147483647;
			files = (
				0549C659260E30C6002C1E66 /* LaunchScreen.storyboard in Resources */,
				0549C656260E30C6002C1E66 /* Assets.xcassets in Resources */,
				0549C654260E30C4002C1E66 /* Main.storyboard in Resources */,
			);
			runOnlyForDeploymentPostprocessing = 0;
		};
		0549C65D260E30C6002C1E66 /* Resources */ = {
			isa = PBXResourcesBuildPhase;
			buildActionMask = 2147483647;
			files = (
			);
			runOnlyForDeploymentPostprocessing = 0;
		};
		0549C668260E30C6002C1E66 /* Resources */ = {
			isa = PBXResourcesBuildPhase;
			buildActionMask = 2147483647;
			files = (
			);
			runOnlyForDeploymentPostprocessing = 0;
		};
/* End PBXResourcesBuildPhase section */

/* Begin PBXShellScriptBuildPhase section */
		0EE803CDBA9DB62044936A67 /* [CP] Embed Pods Frameworks */ = {
			isa = PBXShellScriptBuildPhase;
			buildActionMask = 2147483647;
			files = (
			);
			inputFileListPaths = (
				"${PODS_ROOT}/Target Support Files/Pods-Simran_Login_Module-Simran_Login_ModuleUITests/Pods-Simran_Login_Module-Simran_Login_ModuleUITests-frameworks-${CONFIGURATION}-input-files.xcfilelist",
			);
			name = "[CP] Embed Pods Frameworks";
			outputFileListPaths = (
				"${PODS_ROOT}/Target Support Files/Pods-Simran_Login_Module-Simran_Login_ModuleUITests/Pods-Simran_Login_Module-Simran_Login_ModuleUITests-frameworks-${CONFIGURATION}-output-files.xcfilelist",
			);
			runOnlyForDeploymentPostprocessing = 0;
			shellPath = /bin/sh;
			shellScript = "\"${PODS_ROOT}/Target Support Files/Pods-Simran_Login_Module-Simran_Login_ModuleUITests/Pods-Simran_Login_Module-Simran_Login_ModuleUITests-frameworks.sh\"\n";
			showEnvVarsInLog = 0;
		};
		141FF203100A06C50D6ECB95 /* [CP] Check Pods Manifest.lock */ = {
			isa = PBXShellScriptBuildPhase;
			buildActionMask = 2147483647;
			files = (
			);
			inputFileListPaths = (
			);
			inputPaths = (
				"${PODS_PODFILE_DIR_PATH}/Podfile.lock",
				"${PODS_ROOT}/Manifest.lock",
			);
			name = "[CP] Check Pods Manifest.lock";
			outputFileListPaths = (
			);
			outputPaths = (
				"$(DERIVED_FILE_DIR)/Pods-Simran_Login_Module-Simran_Login_ModuleUITests-checkManifestLockResult.txt",
			);
			runOnlyForDeploymentPostprocessing = 0;
			shellPath = /bin/sh;
			shellScript = "diff \"${PODS_PODFILE_DIR_PATH}/Podfile.lock\" \"${PODS_ROOT}/Manifest.lock\" > /dev/null\nif [ $? != 0 ] ; then\n    # print error to STDERR\n    echo \"error: The sandbox is not in sync with the Podfile.lock. Run 'pod install' or update your CocoaPods installation.\" >&2\n    exit 1\nfi\n# This output is used by Xcode 'outputs' to avoid re-running this script phase.\necho \"SUCCESS\" > \"${SCRIPT_OUTPUT_FILE_0}\"\n";
			showEnvVarsInLog = 0;
		};
		82591CF5007D8F4C2E1FC821 /* [CP] Check Pods Manifest.lock */ = {
			isa = PBXShellScriptBuildPhase;
			buildActionMask = 2147483647;
			files = (
			);
			inputFileListPaths = (
			);
			inputPaths = (
				"${PODS_PODFILE_DIR_PATH}/Podfile.lock",
				"${PODS_ROOT}/Manifest.lock",
			);
			name = "[CP] Check Pods Manifest.lock";
			outputFileListPaths = (
			);
			outputPaths = (
				"$(DERIVED_FILE_DIR)/Pods-Simran_Login_Module-checkManifestLockResult.txt",
			);
			runOnlyForDeploymentPostprocessing = 0;
			shellPath = /bin/sh;
			shellScript = "diff \"${PODS_PODFILE_DIR_PATH}/Podfile.lock\" \"${PODS_ROOT}/Manifest.lock\" > /dev/null\nif [ $? != 0 ] ; then\n    # print error to STDERR\n    echo \"error: The sandbox is not in sync with the Podfile.lock. Run 'pod install' or update your CocoaPods installation.\" >&2\n    exit 1\nfi\n# This output is used by Xcode 'outputs' to avoid re-running this script phase.\necho \"SUCCESS\" > \"${SCRIPT_OUTPUT_FILE_0}\"\n";
			showEnvVarsInLog = 0;
		};
		94E2D009B9FDBC0EE28FEE82 /* [CP] Embed Pods Frameworks */ = {
			isa = PBXShellScriptBuildPhase;
			buildActionMask = 2147483647;
			files = (
			);
			inputFileListPaths = (
				"${PODS_ROOT}/Target Support Files/Pods-Simran_Login_Module/Pods-Simran_Login_Module-frameworks-${CONFIGURATION}-input-files.xcfilelist",
			);
			name = "[CP] Embed Pods Frameworks";
			outputFileListPaths = (
				"${PODS_ROOT}/Target Support Files/Pods-Simran_Login_Module/Pods-Simran_Login_Module-frameworks-${CONFIGURATION}-output-files.xcfilelist",
			);
			runOnlyForDeploymentPostprocessing = 0;
			shellPath = /bin/sh;
			shellScript = "\"${PODS_ROOT}/Target Support Files/Pods-Simran_Login_Module/Pods-Simran_Login_Module-frameworks.sh\"\n";
			showEnvVarsInLog = 0;
		};
		9F1D41A4BA3488DE34DA0D89 /* [CP] Check Pods Manifest.lock */ = {
			isa = PBXShellScriptBuildPhase;
			buildActionMask = 2147483647;
			files = (
			);
			inputFileListPaths = (
			);
			inputPaths = (
				"${PODS_PODFILE_DIR_PATH}/Podfile.lock",
				"${PODS_ROOT}/Manifest.lock",
			);
			name = "[CP] Check Pods Manifest.lock";
			outputFileListPaths = (
			);
			outputPaths = (
				"$(DERIVED_FILE_DIR)/Pods-Simran_Login_ModuleTests-checkManifestLockResult.txt",
			);
			runOnlyForDeploymentPostprocessing = 0;
			shellPath = /bin/sh;
			shellScript = "diff \"${PODS_PODFILE_DIR_PATH}/Podfile.lock\" \"${PODS_ROOT}/Manifest.lock\" > /dev/null\nif [ $? != 0 ] ; then\n    # print error to STDERR\n    echo \"error: The sandbox is not in sync with the Podfile.lock. Run 'pod install' or update your CocoaPods installation.\" >&2\n    exit 1\nfi\n# This output is used by Xcode 'outputs' to avoid re-running this script phase.\necho \"SUCCESS\" > \"${SCRIPT_OUTPUT_FILE_0}\"\n";
			showEnvVarsInLog = 0;
		};
/* End PBXShellScriptBuildPhase section */

/* Begin PBXSourcesBuildPhase section */
		0549C645260E30C3002C1E66 /* Sources */ = {
			isa = PBXSourcesBuildPhase;
			buildActionMask = 2147483647;
			files = (
				0549C689260E387C002C1E66 /* LoginViewModel.swift in Sources */,
				0549C64D260E30C3002C1E66 /* AppDelegate.swift in Sources */,
				0549C68D260E387C002C1E66 /* LoginViewController.swift in Sources */,
				0549C6CA260E5FA5002C1E66 /* User.swift in Sources */,
				0549C688260E387C002C1E66 /* AuthManager.swift in Sources */,
				0549C64F260E30C4002C1E66 /* SceneDelegate.swift in Sources */,
			);
			runOnlyForDeploymentPostprocessing = 0;
		};
		0549C65B260E30C6002C1E66 /* Sources */ = {
			isa = PBXSourcesBuildPhase;
			buildActionMask = 2147483647;
			files = (
				0549C664260E30C6002C1E66 /* Simran_Login_ModuleTests.swift in Sources */,
			);
			runOnlyForDeploymentPostprocessing = 0;
		};
		0549C666260E30C6002C1E66 /* Sources */ = {
			isa = PBXSourcesBuildPhase;
			buildActionMask = 2147483647;
			files = (
				0549C66F260E30C6002C1E66 /* Simran_Login_ModuleUITests.swift in Sources */,
			);
			runOnlyForDeploymentPostprocessing = 0;
		};
/* End PBXSourcesBuildPhase section */

/* Begin PBXTargetDependency section */
		0549C661260E30C6002C1E66 /* PBXTargetDependency */ = {
			isa = PBXTargetDependency;
			target = 0549C648260E30C3002C1E66 /* Simran_Login_Module */;
			targetProxy = 0549C660260E30C6002C1E66 /* PBXContainerItemProxy */;
		};
		0549C66C260E30C6002C1E66 /* PBXTargetDependency */ = {
			isa = PBXTargetDependency;
			target = 0549C648260E30C3002C1E66 /* Simran_Login_Module */;
			targetProxy = 0549C66B260E30C6002C1E66 /* PBXContainerItemProxy */;
		};
/* End PBXTargetDependency section */

/* Begin PBXVariantGroup section */
		0549C652260E30C4002C1E66 /* Main.storyboard */ = {
			isa = PBXVariantGroup;
			children = (
				0549C653260E30C4002C1E66 /* Base */,
			);
			name = Main.storyboard;
			sourceTree = "<group>";
		};
		0549C657260E30C6002C1E66 /* LaunchScreen.storyboard */ = {
			isa = PBXVariantGroup;
			children = (
				0549C658260E30C6002C1E66 /* Base */,
			);
			name = LaunchScreen.storyboard;
			sourceTree = "<group>";
		};
/* End PBXVariantGroup section */

/* Begin XCBuildConfiguration section */
		0549C671260E30C6002C1E66 /* Debug */ = {
			isa = XCBuildConfiguration;
			buildSettings = {
				ALWAYS_SEARCH_USER_PATHS = NO;
				CLANG_ANALYZER_NONNULL = YES;
				CLANG_ANALYZER_NUMBER_OBJECT_CONVERSION = YES_AGGRESSIVE;
				CLANG_CXX_LANGUAGE_STANDARD = "gnu++14";
				CLANG_CXX_LIBRARY = "libc++";
				CLANG_ENABLE_MODULES = YES;
				CLANG_ENABLE_OBJC_ARC = YES;
				CLANG_ENABLE_OBJC_WEAK = YES;
				CLANG_WARN_BLOCK_CAPTURE_AUTORELEASING = YES;
				CLANG_WARN_BOOL_CONVERSION = YES;
				CLANG_WARN_COMMA = YES;
				CLANG_WARN_CONSTANT_CONVERSION = YES;
				CLANG_WARN_DEPRECATED_OBJC_IMPLEMENTATIONS = YES;
				CLANG_WARN_DIRECT_OBJC_ISA_USAGE = YES_ERROR;
				CLANG_WARN_DOCUMENTATION_COMMENTS = YES;
				CLANG_WARN_EMPTY_BODY = YES;
				CLANG_WARN_ENUM_CONVERSION = YES;
				CLANG_WARN_INFINITE_RECURSION = YES;
				CLANG_WARN_INT_CONVERSION = YES;
				CLANG_WARN_NON_LITERAL_NULL_CONVERSION = YES;
				CLANG_WARN_OBJC_IMPLICIT_RETAIN_SELF = YES;
				CLANG_WARN_OBJC_LITERAL_CONVERSION = YES;
				CLANG_WARN_OBJC_ROOT_CLASS = YES_ERROR;
				CLANG_WARN_QUOTED_INCLUDE_IN_FRAMEWORK_HEADER = YES;
				CLANG_WARN_RANGE_LOOP_ANALYSIS = YES;
				CLANG_WARN_STRICT_PROTOTYPES = YES;
				CLANG_WARN_SUSPICIOUS_MOVE = YES;
				CLANG_WARN_UNGUARDED_AVAILABILITY = YES_AGGRESSIVE;
				CLANG_WARN_UNREACHABLE_CODE = YES;
				CLANG_WARN__DUPLICATE_METHOD_MATCH = YES;
				COPY_PHASE_STRIP = NO;
				DEBUG_INFORMATION_FORMAT = dwarf;
				ENABLE_STRICT_OBJC_MSGSEND = YES;
				ENABLE_TESTABILITY = YES;
				GCC_C_LANGUAGE_STANDARD = gnu11;
				GCC_DYNAMIC_NO_PIC = NO;
				GCC_NO_COMMON_BLOCKS = YES;
				GCC_OPTIMIZATION_LEVEL = 0;
				GCC_PREPROCESSOR_DEFINITIONS = (
					"DEBUG=1",
					"$(inherited)",
				);
				GCC_WARN_64_TO_32_BIT_CONVERSION = YES;
				GCC_WARN_ABOUT_RETURN_TYPE = YES_ERROR;
				GCC_WARN_UNDECLARED_SELECTOR = YES;
				GCC_WARN_UNINITIALIZED_AUTOS = YES_AGGRESSIVE;
				GCC_WARN_UNUSED_FUNCTION = YES;
				GCC_WARN_UNUSED_VARIABLE = YES;
				IPHONEOS_DEPLOYMENT_TARGET = 14.2;
				MTL_ENABLE_DEBUG_INFO = INCLUDE_SOURCE;
				MTL_FAST_MATH = YES;
				ONLY_ACTIVE_ARCH = YES;
				SDKROOT = iphoneos;
				SWIFT_ACTIVE_COMPILATION_CONDITIONS = DEBUG;
				SWIFT_OPTIMIZATION_LEVEL = "-Onone";
			};
			name = Debug;
		};
		0549C672260E30C6002C1E66 /* Release */ = {
			isa = XCBuildConfiguration;
			buildSettings = {
				ALWAYS_SEARCH_USER_PATHS = NO;
				CLANG_ANALYZER_NONNULL = YES;
				CLANG_ANALYZER_NUMBER_OBJECT_CONVERSION = YES_AGGRESSIVE;
				CLANG_CXX_LANGUAGE_STANDARD = "gnu++14";
				CLANG_CXX_LIBRARY = "libc++";
				CLANG_ENABLE_MODULES = YES;
				CLANG_ENABLE_OBJC_ARC = YES;
				CLANG_ENABLE_OBJC_WEAK = YES;
				CLANG_WARN_BLOCK_CAPTURE_AUTORELEASING = YES;
				CLANG_WARN_BOOL_CONVERSION = YES;
				CLANG_WARN_COMMA = YES;
				CLANG_WARN_CONSTANT_CONVERSION = YES;
				CLANG_WARN_DEPRECATED_OBJC_IMPLEMENTATIONS = YES;
				CLANG_WARN_DIRECT_OBJC_ISA_USAGE = YES_ERROR;
				CLANG_WARN_DOCUMENTATION_COMMENTS = YES;
				CLANG_WARN_EMPTY_BODY = YES;
				CLANG_WARN_ENUM_CONVERSION = YES;
				CLANG_WARN_INFINITE_RECURSION = YES;
				CLANG_WARN_INT_CONVERSION = YES;
				CLANG_WARN_NON_LITERAL_NULL_CONVERSION = YES;
				CLANG_WARN_OBJC_IMPLICIT_RETAIN_SELF = YES;
				CLANG_WARN_OBJC_LITERAL_CONVERSION = YES;
				CLANG_WARN_OBJC_ROOT_CLASS = YES_ERROR;
				CLANG_WARN_QUOTED_INCLUDE_IN_FRAMEWORK_HEADER = YES;
				CLANG_WARN_RANGE_LOOP_ANALYSIS = YES;
				CLANG_WARN_STRICT_PROTOTYPES = YES;
				CLANG_WARN_SUSPICIOUS_MOVE = YES;
				CLANG_WARN_UNGUARDED_AVAILABILITY = YES_AGGRESSIVE;
				CLANG_WARN_UNREACHABLE_CODE = YES;
				CLANG_WARN__DUPLICATE_METHOD_MATCH = YES;
				COPY_PHASE_STRIP = NO;
				DEBUG_INFORMATION_FORMAT = "dwarf-with-dsym";
				ENABLE_NS_ASSERTIONS = NO;
				ENABLE_STRICT_OBJC_MSGSEND = YES;
				GCC_C_LANGUAGE_STANDARD = gnu11;
				GCC_NO_COMMON_BLOCKS = YES;
				GCC_WARN_64_TO_32_BIT_CONVERSION = YES;
				GCC_WARN_ABOUT_RETURN_TYPE = YES_ERROR;
				GCC_WARN_UNDECLARED_SELECTOR = YES;
				GCC_WARN_UNINITIALIZED_AUTOS = YES_AGGRESSIVE;
				GCC_WARN_UNUSED_FUNCTION = YES;
				GCC_WARN_UNUSED_VARIABLE = YES;
				IPHONEOS_DEPLOYMENT_TARGET = 14.2;
				MTL_ENABLE_DEBUG_INFO = NO;
				MTL_FAST_MATH = YES;
				SDKROOT = iphoneos;
				SWIFT_COMPILATION_MODE = wholemodule;
				SWIFT_OPTIMIZATION_LEVEL = "-O";
				VALIDATE_PRODUCT = YES;
			};
			name = Release;
		};
		0549C674260E30C6002C1E66 /* Debug */ = {
			isa = XCBuildConfiguration;
			baseConfigurationReference = 9DB6958DDC84544E76CFF844 /* Pods-Simran_Login_Module.debug.xcconfig */;
			buildSettings = {
				ASSETCATALOG_COMPILER_APPICON_NAME = AppIcon;
				ASSETCATALOG_COMPILER_GLOBAL_ACCENT_COLOR_NAME = AccentColor;
				CODE_SIGN_STYLE = Automatic;
				DEVELOPMENT_TEAM = C6236H47K4;
				INFOPLIST_FILE = Simran_Login_Module/Info.plist;
				LD_RUNPATH_SEARCH_PATHS = (
					"$(inherited)",
					"@executable_path/Frameworks",
				);
				PRODUCT_BUNDLE_IDENTIFIER = "com.agicent.testing.Simran-Login-Module";
				PRODUCT_NAME = "$(TARGET_NAME)";
				SWIFT_VERSION = 5.0;
				TARGETED_DEVICE_FAMILY = "1,2";
			};
			name = Debug;
		};
		0549C675260E30C6002C1E66 /* Release */ = {
			isa = XCBuildConfiguration;
			baseConfigurationReference = 5AD2A2FB60224CBF302E89E6 /* Pods-Simran_Login_Module.release.xcconfig */;
			buildSettings = {
				ASSETCATALOG_COMPILER_APPICON_NAME = AppIcon;
				ASSETCATALOG_COMPILER_GLOBAL_ACCENT_COLOR_NAME = AccentColor;
				CODE_SIGN_STYLE = Automatic;
				DEVELOPMENT_TEAM = C6236H47K4;
				INFOPLIST_FILE = Simran_Login_Module/Info.plist;
				LD_RUNPATH_SEARCH_PATHS = (
					"$(inherited)",
					"@executable_path/Frameworks",
				);
				PRODUCT_BUNDLE_IDENTIFIER = "com.agicent.testing.Simran-Login-Module";
				PRODUCT_NAME = "$(TARGET_NAME)";
				SWIFT_VERSION = 5.0;
				TARGETED_DEVICE_FAMILY = "1,2";
			};
			name = Release;
		};
		0549C677260E30C6002C1E66 /* Debug */ = {
			isa = XCBuildConfiguration;
			baseConfigurationReference = 916B1A70189D9ADE6307AB2D /* Pods-Simran_Login_ModuleTests.debug.xcconfig */;
			buildSettings = {
				ALWAYS_EMBED_SWIFT_STANDARD_LIBRARIES = YES;
				BUNDLE_LOADER = "$(TEST_HOST)";
				CODE_SIGN_STYLE = Automatic;
				DEVELOPMENT_TEAM = C6236H47K4;
				INFOPLIST_FILE = Simran_Login_ModuleTests/Info.plist;
				IPHONEOS_DEPLOYMENT_TARGET = 14.2;
				LD_RUNPATH_SEARCH_PATHS = (
					"$(inherited)",
					"@executable_path/Frameworks",
					"@loader_path/Frameworks",
				);
				PRODUCT_BUNDLE_IDENTIFIER = "com.agicent.testing.Simran-Login-ModuleTests";
				PRODUCT_NAME = "$(TARGET_NAME)";
				SWIFT_VERSION = 5.0;
				TARGETED_DEVICE_FAMILY = "1,2";
				TEST_HOST = "$(BUILT_PRODUCTS_DIR)/Simran_Login_Module.app/Simran_Login_Module";
			};
			name = Debug;
		};
		0549C678260E30C6002C1E66 /* Release */ = {
			isa = XCBuildConfiguration;
			baseConfigurationReference = 8EC497BB398B708FF7AFAC02 /* Pods-Simran_Login_ModuleTests.release.xcconfig */;
			buildSettings = {
				ALWAYS_EMBED_SWIFT_STANDARD_LIBRARIES = YES;
				BUNDLE_LOADER = "$(TEST_HOST)";
				CODE_SIGN_STYLE = Automatic;
				DEVELOPMENT_TEAM = C6236H47K4;
				INFOPLIST_FILE = Simran_Login_ModuleTests/Info.plist;
				IPHONEOS_DEPLOYMENT_TARGET = 14.2;
				LD_RUNPATH_SEARCH_PATHS = (
					"$(inherited)",
					"@executable_path/Frameworks",
					"@loader_path/Frameworks",
				);
				PRODUCT_BUNDLE_IDENTIFIER = "com.agicent.testing.Simran-Login-ModuleTests";
				PRODUCT_NAME = "$(TARGET_NAME)";
				SWIFT_VERSION = 5.0;
				TARGETED_DEVICE_FAMILY = "1,2";
				TEST_HOST = "$(BUILT_PRODUCTS_DIR)/Simran_Login_Module.app/Simran_Login_Module";
			};
			name = Release;
		};
		0549C67A260E30C6002C1E66 /* Debug */ = {
			isa = XCBuildConfiguration;
			baseConfigurationReference = 7D9FE70E9679ACF4F3BDFAEB /* Pods-Simran_Login_Module-Simran_Login_ModuleUITests.debug.xcconfig */;
			buildSettings = {
				ALWAYS_EMBED_SWIFT_STANDARD_LIBRARIES = YES;
				CODE_SIGN_STYLE = Automatic;
				DEVELOPMENT_TEAM = C6236H47K4;
				INFOPLIST_FILE = Simran_Login_ModuleUITests/Info.plist;
				LD_RUNPATH_SEARCH_PATHS = (
					"$(inherited)",
					"@executable_path/Frameworks",
					"@loader_path/Frameworks",
				);
				PRODUCT_BUNDLE_IDENTIFIER = "com.agicent.testing.Simran-Login-ModuleUITests";
				PRODUCT_NAME = "$(TARGET_NAME)";
				SWIFT_VERSION = 5.0;
				TARGETED_DEVICE_FAMILY = "1,2";
				TEST_TARGET_NAME = Simran_Login_Module;
			};
			name = Debug;
		};
		0549C67B260E30C6002C1E66 /* Release */ = {
			isa = XCBuildConfiguration;
			baseConfigurationReference = 03E97BEA3A69BA8136429C97 /* Pods-Simran_Login_Module-Simran_Login_ModuleUITests.release.xcconfig */;
			buildSettings = {
				ALWAYS_EMBED_SWIFT_STANDARD_LIBRARIES = YES;
				CODE_SIGN_STYLE = Automatic;
				DEVELOPMENT_TEAM = C6236H47K4;
				INFOPLIST_FILE = Simran_Login_ModuleUITests/Info.plist;
				LD_RUNPATH_SEARCH_PATHS = (
					"$(inherited)",
					"@executable_path/Frameworks",
					"@loader_path/Frameworks",
				);
				PRODUCT_BUNDLE_IDENTIFIER = "com.agicent.testing.Simran-Login-ModuleUITests";
				PRODUCT_NAME = "$(TARGET_NAME)";
				SWIFT_VERSION = 5.0;
				TARGETED_DEVICE_FAMILY = "1,2";
				TEST_TARGET_NAME = Simran_Login_Module;
			};
			name = Release;
		};
/* End XCBuildConfiguration section */

/* Begin XCConfigurationList section */
		0549C644260E30C3002C1E66 /* Build configuration list for PBXProject "Simran_Login_Module" */ = {
			isa = XCConfigurationList;
			buildConfigurations = (
				0549C671260E30C6002C1E66 /* Debug */,
				0549C672260E30C6002C1E66 /* Release */,
			);
			defaultConfigurationIsVisible = 0;
			defaultConfigurationName = Release;
		};
		0549C673260E30C6002C1E66 /* Build configuration list for PBXNativeTarget "Simran_Login_Module" */ = {
			isa = XCConfigurationList;
			buildConfigurations = (
				0549C674260E30C6002C1E66 /* Debug */,
				0549C675260E30C6002C1E66 /* Release */,
			);
			defaultConfigurationIsVisible = 0;
			defaultConfigurationName = Release;
		};
		0549C676260E30C6002C1E66 /* Build configuration list for PBXNativeTarget "Simran_Login_ModuleTests" */ = {
			isa = XCConfigurationList;
			buildConfigurations = (
				0549C677260E30C6002C1E66 /* Debug */,
				0549C678260E30C6002C1E66 /* Release */,
			);
			defaultConfigurationIsVisible = 0;
			defaultConfigurationName = Release;
		};
		0549C679260E30C6002C1E66 /* Build configuration list for PBXNativeTarget "Simran_Login_ModuleUITests" */ = {
			isa = XCConfigurationList;
			buildConfigurations = (
				0549C67A260E30C6002C1E66 /* Debug */,
				0549C67B260E30C6002C1E66 /* Release */,
			);
			defaultConfigurationIsVisible = 0;
			defaultConfigurationName = Release;
		};
/* End XCConfigurationList section */
	};
	rootObject = 0549C641260E30C3002C1E66 /* Project object */;
}
